
Microsoft Visual Studio Solution File, Format Version 12.00
# Visual Studio Version 16
VisualStudioVersion = 16.0.30011.22
MinimumVisualStudioVersion = 10.0.40219.1
Project("{FAE04EC0-301F-11D3-BF4B-00C04F79EFBC}") = "Castle Cost Calculation", "Castle Cost Calculation\Castle Cost Calculation.csproj", "{BB088DCA-8C37-4E07-A7A9-70C0DC71C557}"
EndProject
Global
	GlobalSection(SolutionConfigurationPlatforms) = preSolution
		Debug|Any CPU = Debug|Any CPU
		Release|Any CPU = Release|Any CPU
	EndGlobalSection
	GlobalSection(ProjectConfigurationPlatforms) = postSolution
		{BB088DCA-8C37-4E07-A7A9-70C0DC71C557}.Debug|Any CPU.ActiveCfg = Debug|Any CPU
		{BB088DCA-8C37-4E07-A7A9-70C0DC71C557}.Debug|Any CPU.Build.0 = Debug|Any CPU
		{BB088DCA-8C37-4E07-A7A9-70C0DC71C557}.Release|Any CPU.ActiveCfg = Release|Any CPU
		{BB088DCA-8C37-4E07-A7A9-70C0DC71C557}.Release|Any CPU.Build.0 = Release|Any CPU
	EndGlobalSection
	GlobalSection(SolutionProperties) = preSolution
		HideSolutionNode = FALSE
	EndGlobalSection
	GlobalSection(ExtensibilityGlobals) = postSolution
		SolutionGuid = {30D22EC1-D750-4AC1-853A-F7EB65ADF027}
	EndGlobalSection
EndGlobal
